{
  "name": "aurelia-workbox-cachecontrol",
  "version": "0.1.14",
  "lockfileVersion": 1,
  "requires": true,
  "dependencies": {
    "@ts-nameof/common": {
      "version": "4.2.0",
      "resolved": "https://registry.npmjs.org/@ts-nameof/common/-/common-4.2.0.tgz",
      "integrity": "sha512-f9EPXMVPCeT8aqFkqquZWsYEUxX6y7knVQXV+G21+J8OaoY/eh5blJN4EWa0CDmr9Mkh+xYOGzw+XEZEdtgeow==",
      "dev": true,
      "requires": {
        "typescript": "^3.5.3"
      }
    },
    "@ts-nameof/transforms-common": {
      "version": "4.2.0",
      "resolved": "https://registry.npmjs.org/@ts-nameof/transforms-common/-/transforms-common-4.2.0.tgz",
      "integrity": "sha512-nSE7EdjWm2X4W41tyvirSH6kncBq3Qw05CfNyoksVt5s7SO/FUVAkg/gG7fI2j7/dAXImfHwGphIcP2sNtUuYA==",
      "dev": true,
      "requires": {
        "@ts-nameof/common": "^4.2.0"
      }
    },
    "@ts-nameof/transforms-ts": {
      "version": "4.2.0",
      "resolved": "https://registry.npmjs.org/@ts-nameof/transforms-ts/-/transforms-ts-4.2.0.tgz",
      "integrity": "sha512-CRGwUC++0WCzWEjjuBkHhjh6YHa9Ez09GmKqGvxOBaO0UDgRF/QonGgqO6OVe3/BnQ3FzH5JtsmSieVpOj/n2A==",
      "dev": true,
      "requires": {
        "@ts-nameof/common": "^4.2.0",
        "@ts-nameof/transforms-common": "^4.2.0"
      }
    },
    "@types/luxon": {
      "version": "1.21.0",
      "resolved": "https://registry.npmjs.org/@types/luxon/-/luxon-1.21.0.tgz",
      "integrity": "sha512-Zhrf65tpjOlVIYrUhX9eu1VzRo8iixQDLFPbfqFxPpG4pBTNNPZ2BFhYE0IAsDfW9GWg+RcrUqiLwrGJH4rq4w==",
      "dev": true
    },
    "aurelia-binding": {
      "version": "2.5.0",
      "resolved": "https://registry.npmjs.org/aurelia-binding/-/aurelia-binding-2.5.0.tgz",
      "integrity": "sha512-R+ErrEBFpSacOWqPVhu00HRx0rCQzNf6E3F1nGy/+ISJ44xkR6EKif56xinWTB79K8TCtMtdf2N5I2EWA2HiSg==",
      "dev": true,
      "requires": {
        "aurelia-logging": "^1.0.0",
        "aurelia-metadata": "^1.0.0",
        "aurelia-pal": "^1.0.0",
        "aurelia-task-queue": "^1.0.0"
      }
    },
    "aurelia-dependency-injection": {
      "version": "1.5.1",
      "resolved": "https://registry.npmjs.org/aurelia-dependency-injection/-/aurelia-dependency-injection-1.5.1.tgz",
      "integrity": "sha512-8KruIi9IFZv0UBBq1rP3ijYz+TaGjQRIZL1MotbpYCw67gGVo7Um2qFMEvomNMSq8af8xOUZU/otMjDWllpiRA==",
      "dev": true,
      "requires": {
        "aurelia-metadata": "^1.0.0",
        "aurelia-pal": "^1.0.0"
      }
    },
    "aurelia-framework": {
      "version": "1.3.1",
      "resolved": "https://registry.npmjs.org/aurelia-framework/-/aurelia-framework-1.3.1.tgz",
      "integrity": "sha512-eKR+JnrVzYQ372pokHjfw+YfiGpFIO6yGOotGHkeLtIVZcVowX4oYe1HEkDe7/VXU3f6cDILoYkNIwrZUBij0g==",
      "dev": true,
      "requires": {
        "aurelia-binding": "^2.0.0",
        "aurelia-dependency-injection": "^1.0.0",
        "aurelia-loader": "^1.0.0",
        "aurelia-logging": "^1.0.0",
        "aurelia-metadata": "^1.0.0",
        "aurelia-pal": "^1.0.0",
        "aurelia-path": "^1.0.0",
        "aurelia-task-queue": "^1.0.0",
        "aurelia-templating": "^1.8.1"
      }
    },
    "aurelia-loader": {
      "version": "1.0.2",
      "resolved": "https://registry.npmjs.org/aurelia-loader/-/aurelia-loader-1.0.2.tgz",
      "integrity": "sha512-3owEe5Zsk8cIJG+zcxN6gzqUr2z2c+FKhtrL49e1j8vE4ccQQjXg+tvKFnfBVf3pwma6A474WsdK8poYhoVZyA==",
      "dev": true,
      "requires": {
        "aurelia-metadata": "^1.0.0",
        "aurelia-path": "^1.0.0"
      }
    },
    "aurelia-logging": {
      "version": "1.5.2",
      "resolved": "https://registry.npmjs.org/aurelia-logging/-/aurelia-logging-1.5.2.tgz",
      "integrity": "sha512-R0UdpGYBNSosBZ9WefmoIpgr36szFwQrRk2pbblhI+Vx911dUEEW85QXb6BRKVAP1ykz52Fuq8lCZxR6UupQXA==",
      "dev": true
    },
    "aurelia-metadata": {
      "version": "1.0.6",
      "resolved": "https://registry.npmjs.org/aurelia-metadata/-/aurelia-metadata-1.0.6.tgz",
      "integrity": "sha512-u3GnsivLSssUmqPmny8EfEWPdUPcKUq1pPWO5q12i+eZ1d7WXa91eop37sYoYyGmO609YakUF1AMiY7occBrjA==",
      "dev": true,
      "requires": {
        "aurelia-pal": "^1.0.0"
      }
    },
    "aurelia-pal": {
      "version": "1.8.2",
      "resolved": "https://registry.npmjs.org/aurelia-pal/-/aurelia-pal-1.8.2.tgz",
      "integrity": "sha512-6erozUK5aaD88PvThs/L87kLsqxqPaBU59PGECr36v9yezhve0BHqpKgbtJ8haHJSiH80K9lsJtXfefedS/3sw==",
      "dev": true
    },
    "aurelia-path": {
      "version": "1.1.4",
      "resolved": "https://registry.npmjs.org/aurelia-path/-/aurelia-path-1.1.4.tgz",
      "integrity": "sha512-gAS4m33sPgKz3hVVm9QFAZr+HjuML+YYNympI1mBrRCe/jpcfommASTjEaZO22fGTwA4rfvIRX7qIHViF/JuIg==",
      "dev": true
    },
    "aurelia-task-queue": {
      "version": "1.3.3",
      "resolved": "https://registry.npmjs.org/aurelia-task-queue/-/aurelia-task-queue-1.3.3.tgz",
      "integrity": "sha512-ua3J2YO+cZgpn1MqxPlanSDXG4SB0BXotxYDW1iL5f6AsoEvJ3BycZJYw/N9hMQKmWniOeaBr7wGQ+KDiZFywQ==",
      "dev": true,
      "requires": {
        "aurelia-pal": "^1.0.0"
      }
    },
    "aurelia-templating": {
      "version": "1.10.2",
      "resolved": "https://registry.npmjs.org/aurelia-templating/-/aurelia-templating-1.10.2.tgz",
      "integrity": "sha512-L+fV5a17ls3bEmYWdknG2a+n5e3sDim4CABkeDjLVQWYM6oOidbqty8ZoPEw5CGrScrowgb4qLYZxggNBqNQsg==",
      "dev": true,
      "requires": {
        "aurelia-binding": "^2.0.0",
        "aurelia-dependency-injection": "^1.0.0",
        "aurelia-loader": "^1.0.0",
        "aurelia-logging": "^1.0.0",
        "aurelia-metadata": "^1.0.0",
        "aurelia-pal": "^1.0.0",
        "aurelia-path": "^1.0.0",
        "aurelia-task-queue": "^1.1.0"
      }
    },
    "balanced-match": {
      "version": "1.0.0",
      "resolved": "https://registry.npmjs.org/balanced-match/-/balanced-match-1.0.0.tgz",
      "integrity": "sha1-ibTRmasr7kneFk6gK4nORi1xt2c=",
      "dev": true
    },
    "brace-expansion": {
      "version": "1.1.11",
      "resolved": "https://registry.npmjs.org/brace-expansion/-/brace-expansion-1.1.11.tgz",
      "integrity": "sha512-iCuPHDFgrHX7H2vEI/5xpz07zSHB00TpugqhmYtVmMO6518mCuRMoOYFldEBl0g187ufozdaHgWKcYFb61qGiA==",
      "dev": true,
      "requires": {
        "balanced-match": "^1.0.0",
        "concat-map": "0.0.1"
      }
    },
    "concat-map": {
      "version": "0.0.1",
      "resolved": "https://registry.npmjs.org/concat-map/-/concat-map-0.0.1.tgz",
      "integrity": "sha1-2Klr13/Wjfd5OnMDajug1UBdR3s=",
      "dev": true
    },
    "dexie": {
      "version": "2.0.4",
      "resolved": "https://registry.npmjs.org/dexie/-/dexie-2.0.4.tgz",
      "integrity": "sha512-aQ/s1U2wHxwBKRrt2Z/mwFNHMQWhESerFsMYzE+5P5OsIe5o1kgpFMWkzKTtkvkyyEni6mWr/T4HUJuY9xIHLA==",
      "dev": true
    },
    "fs.realpath": {
      "version": "1.0.0",
      "resolved": "https://registry.npmjs.org/fs.realpath/-/fs.realpath-1.0.0.tgz",
      "integrity": "sha1-FQStJSMVjKpA20onh8sBQRmU6k8=",
      "dev": true
    },
    "glob": {
      "version": "7.1.4",
      "resolved": "https://registry.npmjs.org/glob/-/glob-7.1.4.tgz",
      "integrity": "sha512-hkLPepehmnKk41pUGm3sYxoFs/umurYfYJCerbXEyFIWcAzvpipAgVkBqqT9RBKMGjnq6kMuyYwha6csxbiM1A==",
      "dev": true,
      "requires": {
        "fs.realpath": "^1.0.0",
        "inflight": "^1.0.4",
        "inherits": "2",
        "minimatch": "^3.0.4",
        "once": "^1.3.0",
        "path-is-absolute": "^1.0.0"
      }
    },
    "inflight": {
      "version": "1.0.6",
      "resolved": "https://registry.npmjs.org/inflight/-/inflight-1.0.6.tgz",
      "integrity": "sha1-Sb1jMdfQLQwJvJEKEHW6gWW1bfk=",
      "dev": true,
      "requires": {
        "once": "^1.3.0",
        "wrappy": "1"
      }
    },
    "inherits": {
      "version": "2.0.4",
      "resolved": "https://registry.npmjs.org/inherits/-/inherits-2.0.4.tgz",
      "integrity": "sha512-k/vGaX4/Yla3WzyMCvTQOXYeIHvqOKtnqBduzTHpzpQZzAskKMhZ2K+EnBiSM9zGSoIFeMpXKxa4dYeZIQqewQ==",
      "dev": true
    },
    "luxon": {
      "version": "1.22.0",
      "resolved": "https://registry.npmjs.org/luxon/-/luxon-1.22.0.tgz",
      "integrity": "sha512-3sLvlfbFo+AxVEY3IqxymbumtnlgBwjDExxK60W3d+trrUzErNAz/PfvPT+mva+vEUrdIodeCOs7fB6zHtRSrw==",
      "dev": true
    },
    "minimatch": {
      "version": "3.0.4",
      "resolved": "https://registry.npmjs.org/minimatch/-/minimatch-3.0.4.tgz",
      "integrity": "sha512-yJHVQEhyqPLUTgt9B83PXu6W3rx4MvvHvSUvToogpwoGDOUQ+yDrR0HRot+yOCdCO7u4hX3pWft6kWBBcqh0UA==",
      "dev": true,
      "requires": {
        "brace-expansion": "^1.1.7"
      }
    },
    "once": {
      "version": "1.4.0",
      "resolved": "https://registry.npmjs.org/once/-/once-1.4.0.tgz",
      "integrity": "sha1-WDsap3WWHUsROsF9nFC6753Xa9E=",
      "dev": true,
      "requires": {
        "wrappy": "1"
      }
    },
    "path-is-absolute": {
      "version": "1.0.1",
      "resolved": "https://registry.npmjs.org/path-is-absolute/-/path-is-absolute-1.0.1.tgz",
      "integrity": "sha1-F0uSaHNVNP+8es5r9TpanhtcX18=",
      "dev": true
    },
    "path-parse": {
      "version": "1.0.6",
      "resolved": "https://registry.npmjs.org/path-parse/-/path-parse-1.0.6.tgz",
      "integrity": "sha512-GSmOT2EbHrINBf9SR7CDELwlJ8AENk3Qn7OikK4nFYAu3Ote2+JYNVvkpAEQm3/TLNEJFD/xZJjzyxg3KBWOzw==",
      "dev": true
    },
    "resolve": {
      "version": "1.15.0",
      "resolved": "https://registry.npmjs.org/resolve/-/resolve-1.15.0.tgz",
      "integrity": "sha512-+hTmAldEGE80U2wJJDC1lebb5jWqvTYAfm3YZ1ckk1gBr0MnCqUKlwK1e+anaFljIl+F5tR5IoZcm4ZDA1zMQw==",
      "dev": true,
      "requires": {
        "path-parse": "^1.0.6"
      }
    },
    "rimraf": {
      "version": "3.0.1",
      "resolved": "https://registry.npmjs.org/rimraf/-/rimraf-3.0.1.tgz",
      "integrity": "sha512-IQ4ikL8SjBiEDZfk+DFVwqRK8md24RWMEJkdSlgNLkyyAImcjf8SWvU1qFMDOb4igBClbTQ/ugPqXcRwdFTxZw==",
      "dev": true,
      "requires": {
        "glob": "^7.1.3"
      }
    },
    "ts-nameof": {
      "version": "4.2.2",
      "resolved": "https://registry.npmjs.org/ts-nameof/-/ts-nameof-4.2.2.tgz",
      "integrity": "sha512-zS6WTB+7WdzYLo2ZxbXsiyzIJa0fYDaiiWPDcp6DuJQJYHE/Y+Mphbv91m7D1UNEjD8V/6mbNIi/2Z7e7OcMrw==",
      "dev": true,
      "requires": {
        "@ts-nameof/common": "^4.2.0",
        "@ts-nameof/transforms-ts": "^4.2.0",
        "glob": "^7.1.4"
      }
    },
    "ttypescript": {
      "version": "1.5.10",
      "resolved": "https://registry.npmjs.org/ttypescript/-/ttypescript-1.5.10.tgz",
      "integrity": "sha512-Hk7TRej1hM+p+Fo+Pyb/XK9pe9CAt3Sh5n5YRutxFS8hUgkh2u1Vd2K40kMcNP3WYhiVFBMqXwM/2E8O95Ep6g==",
      "dev": true,
      "requires": {
        "resolve": "^1.9.0"
      }
    },
    "typescript": {
      "version": "3.7.5",
      "resolved": "https://registry.npmjs.org/typescript/-/typescript-3.7.5.tgz",
      "integrity": "sha512-/P5lkRXkWHNAbcJIiHPfRoKqyd7bsyCma1hZNUGfn20qm64T6ZBlrzprymeu918H+mB/0rIg2gGK/BXkhhYgBw==",
      "dev": true
    },
    "wrappy": {
      "version": "1.0.2",
      "resolved": "https://registry.npmjs.org/wrappy/-/wrappy-1.0.2.tgz",
      "integrity": "sha1-tSQ9jz7BqjXxNkYFvA0QNuMKtp8=",
      "dev": true
    }
  }
}
